
Microsoft Visual Studio Solution File, Format Version 12.00
# Visual Studio Version 17
VisualStudioVersion = 17.14.37216.2 d17.14
MinimumVisualStudioVersion = 10.0.40219.1
Project("{FAE04EC0-301F-11D3-BF4B-00C04F79EFBC}") = "QuanLyBanHang", "QuanLyBanHang\QuanLyBanHang.csproj", "{3766DC18-A20B-40AD-AAC4-2D354DFC414B}"
EndProject
Global
	GlobalSection(SolutionConfigurationPlatforms) = preSolution
		Debug|Any CPU = Debug|Any CPU
		Release|Any CPU = Release|Any CPU
	EndGlobalSection
	GlobalSection(ProjectConfigurationPlatforms) = postSolution
		{3766DC18-A20B-40AD-AAC4-2D354DFC414B}.Debug|Any CPU.ActiveCfg = Debug|Any CPU
		{3766DC18-A20B-40AD-AAC4-2D354DFC414B}.Debug|Any CPU.Build.0 = Debug|Any CPU
		{3766DC18-A20B-40AD-AAC4-2D354DFC414B}.Release|Any CPU.ActiveCfg = Release|Any CPU
		{3766DC18-A20B-40AD-AAC4-2D354DFC414B}.Release|Any CPU.Build.0 = Release|Any CPU
	EndGlobalSection
	GlobalSection(SolutionProperties) = preSolution
		HideSolutionNode = FALSE
	EndGlobalSection
	GlobalSection(ExtensibilityGlobals) = postSolution
		SolutionGuid = {EFF780AE-4C05-4E54-BC65-FA4C4456784C}
	EndGlobalSection
EndGlobal
